// !$*UTF8*$!
{
	archiveVersion = 1;
	classes = {
	};
	objectVersion = 46;
	objects = {

/* Begin PBXBuildFile section */
		132DFA4D1E32ED1E0048F1AD /* main.m in Sources */ = {isa = PBXBuildFile; fileRef = 132DFA4C1E32ED1E0048F1AD /* main.m */; };
		132DFA501E32ED1E0048F1AD /* AppDelegate.m in Sources */ = {isa = PBXBuildFile; fileRef = 132DFA4F1E32ED1E0048F1AD /* AppDelegate.m */; };
		132DFA531E32ED1E0048F1AD /* ViewController.m in Sources */ = {isa = PBXBuildFile; fileRef = 132DFA521E32ED1E0048F1AD /* ViewController.m */; };
		132DFA561E32ED1E0048F1AD /* Main.storyboard in Resources */ = {isa = PBXBuildFile; fileRef = 132DFA541E32ED1E0048F1AD /* Main.storyboard */; };
		132DFA581E32ED1E0048F1AD /* Assets.xcassets in Resources */ = {isa = PBXBuildFile; fileRef = 132DFA571E32ED1E0048F1AD /* Assets.xcassets */; };
		132DFA5B1E32ED1E0048F1AD /* LaunchScreen.storyboard in Resources */ = {isa = PBXBuildFile; fileRef = 132DFA591E32ED1E0048F1AD /* LaunchScreen.storyboard */; };
		132DFA661E32ED1F0048F1AD /* CustomControlsTests.m in Sources */ = {isa = PBXBuildFile; fileRef = 132DFA651E32ED1F0048F1AD /* CustomControlsTests.m */; };
		132DFA711E32ED1F0048F1AD /* CustomControlsUITests.m in Sources */ = {isa = PBXBuildFile; fileRef = 132DFA701E32ED1F0048F1AD /* CustomControlsUITests.m */; };
		1335A9711E332BE3003DC2EB /* ZRSCustomBtn.m in Sources */ = {isa = PBXBuildFile; fileRef = 1335A9671E332BE3003DC2EB /* ZRSCustomBtn.m */; };
		1335A9721E332BE3003DC2EB /* ZRSCustomDottedLine.m in Sources */ = {isa = PBXBuildFile; fileRef = 1335A9691E332BE3003DC2EB /* ZRSCustomDottedLine.m */; };
		1335A9731E332BE3003DC2EB /* ZRSCustomImgView.m in Sources */ = {isa = PBXBuildFile; fileRef = 1335A96B1E332BE3003DC2EB /* ZRSCustomImgView.m */; };
		1335A9741E332BE3003DC2EB /* ZRSCustomView.m in Sources */ = {isa = PBXBuildFile; fileRef = 1335A96D1E332BE3003DC2EB /* ZRSCustomView.m */; };
		1335A9751E332BE3003DC2EB /* ZRSStarRatingView.m in Sources */ = {isa = PBXBuildFile; fileRef = 1335A96F1E332BE3003DC2EB /* ZRSStarRatingView.m */; };
		1335A9781E332C0E003DC2EB /* UIButton+Layout.m in Sources */ = {isa = PBXBuildFile; fileRef = 1335A9771E332C0E003DC2EB /* UIButton+Layout.m */; };
		53564CA8208B5FF510F2DB45 /* libPods-CustomControls.a in Frameworks */ = {isa = PBXBuildFile; fileRef = CD1CE03AB08DD8423BA03479 /* libPods-CustomControls.a */; };
		A6DB7C1EB029219F8C8D8174 /* libPods-CustomControlsTests.a in Frameworks */ = {isa = PBXBuildFile; fileRef = A339B69254F2F5D877FEE7B4 /* libPods-CustomControlsTests.a */; };
		F139B98F42B461ABAAA1D425 /* libPods-CustomControlsUITests.a in Frameworks */ = {isa = PBXBuildFile; fileRef = AB8AD88AF9E461D3D704B7A9 /* libPods-CustomControlsUITests.a */; };
/* End PBXBuildFile section */

/* Begin PBXContainerItemProxy section */
		132DFA621E32ED1F0048F1AD /* PBXContainerItemProxy */ = {
			isa = PBXContainerItemProxy;
			containerPortal = 132DFA401E32ED1E0048F1AD /* Project object */;
			proxyType = 1;
			remoteGlobalIDString = 132DFA471E32ED1E0048F1AD;
			remoteInfo = CustomControls;
		};
		132DFA6D1E32ED1F0048F1AD /* PBXContainerItemProxy */ = {
			isa = PBXContainerItemProxy;
			containerPortal = 132DFA401E32ED1E0048F1AD /* Project object */;
			proxyType = 1;
			remoteGlobalIDString = 132DFA471E32ED1E0048F1AD;
			remoteInfo = CustomControls;
		};
/* End PBXContainerItemProxy section */

/* Begin PBXFileReference section */
		132DFA481E32ED1E0048F1AD /* CustomControls.app */ = {isa = PBXFileReference; explicitFileType = wrapper.application; includeInIndex = 0; path = CustomControls.app; sourceTree = BUILT_PRODUCTS_DIR; };
		132DFA4C1E32ED1E0048F1AD /* main.m */ = {isa = PBXFileReference; lastKnownFileType = sourcecode.c.objc; path = main.m; sourceTree = "<group>"; };
		132DFA4E1E32ED1E0048F1AD /* AppDelegate.h */ = {isa = PBXFileReference; lastKnownFileType = sourcecode.c.h; path = AppDelegate.h; sourceTree = "<group>"; };
		132DFA4F1E32ED1E0048F1AD /* AppDelegate.m */ = {isa = PBXFileReference; lastKnownFileType = sourcecode.c.objc; path = AppDelegate.m; sourceTree = "<group>"; };
		132DFA511E32ED1E0048F1AD /* ViewController.h */ = {isa = PBXFileReference; lastKnownFileType = sourcecode.c.h; path = ViewController.h; sourceTree = "<group>"; };
		132DFA521E32ED1E0048F1AD /* ViewController.m */ = {isa = PBXFileReference; lastKnownFileType = sourcecode.c.objc; path = ViewController.m; sourceTree = "<group>"; };
		132DFA551E32ED1E0048F1AD /* Base */ = {isa = PBXFileReference; lastKnownFileType = file.storyboard; name = Base; path = Base.lproj/Main.storyboard; sourceTree = "<group>"; };
		132DFA571E32ED1E0048F1AD /* Assets.xcassets */ = {isa = PBXFileReference; lastKnownFileType = folder.assetcatalog; path = Assets.xcassets; sourceTree = "<group>"; };
		132DFA5A1E32ED1E0048F1AD /* Base */ = {isa = PBXFileReference; lastKnownFileType = file.storyboard; name = Base; path = Base.lproj/LaunchScreen.storyboard; sourceTree = "<group>"; };
		132DFA5C1E32ED1E0048F1AD /* Info.plist */ = {isa = PBXFileReference; lastKnownFileType = text.plist.xml; path = Info.plist; sourceTree = "<group>"; };
		132DFA611E32ED1F0048F1AD /* CustomControlsTests.xctest */ = {isa = PBXFileReference; explicitFileType = wrapper.cfbundle; includeInIndex = 0; path = CustomControlsTests.xctest; sourceTree = BUILT_PRODUCTS_DIR; };
		132DFA651E32ED1F0048F1AD /* CustomControlsTests.m */ = {isa = PBXFileReference; lastKnownFileType = sourcecode.c.objc; path = CustomControlsTests.m; sourceTree = "<group>"; };
		132DFA671E32ED1F0048F1AD /* Info.plist */ = {isa = PBXFileReference; lastKnownFileType = text.plist.xml; path = Info.plist; sourceTree = "<group>"; };
		132DFA6C1E32ED1F0048F1AD /* CustomControlsUITests.xctest */ = {isa = PBXFileReference; explicitFileType = wrapper.cfbundle; includeInIndex = 0; path = CustomControlsUITests.xctest; sourceTree = BUILT_PRODUCTS_DIR; };
		132DFA701E32ED1F0048F1AD /* CustomControlsUITests.m */ = {isa = PBXFileReference; lastKnownFileType = sourcecode.c.objc; path = CustomControlsUITests.m; sourceTree = "<group>"; };
		132DFA721E32ED1F0048F1AD /* Info.plist */ = {isa = PBXFileReference; lastKnownFileType = text.plist.xml; path = Info.plist; sourceTree = "<group>"; };
		1335A9621E332BE3003DC2EB /* CustomControls.h */ = {isa = PBXFileReference; fileEncoding = 4; lastKnownFileType = sourcecode.c.h; path = CustomControls.h; sourceTree = "<group>"; };
		1335A9661E332BE3003DC2EB /* ZRSCustomBtn.h */ = {isa = PBXFileReference; fileEncoding = 4; lastKnownFileType = sourcecode.c.h; path = ZRSCustomBtn.h; sourceTree = "<group>"; };
		1335A9671E332BE3003DC2EB /* ZRSCustomBtn.m */ = {isa = PBXFileReference; fileEncoding = 4; lastKnownFileType = sourcecode.c.objc; path = ZRSCustomBtn.m; sourceTree = "<group>"; };
		1335A9681E332BE3003DC2EB /* ZRSCustomDottedLine.h */ = {isa = PBXFileReference; fileEncoding = 4; lastKnownFileType = sourcecode.c.h; path = ZRSCustomDottedLine.h; sourceTree = "<group>"; };
		1335A9691E332BE3003DC2EB /* ZRSCustomDottedLine.m */ = {isa = PBXFileReference; fileEncoding = 4; lastKnownFileType = sourcecode.c.objc; path = ZRSCustomDottedLine.m; sourceTree = "<group>"; };
		1335A96A1E332BE3003DC2EB /* ZRSCustomImgView.h */ = {isa = PBXFileReference; fileEncoding = 4; lastKnownFileType = sourcecode.c.h; path = ZRSCustomImgView.h; sourceTree = "<group>"; };
		1335A96B1E332BE3003DC2EB /* ZRSCustomImgView.m */ = {isa = PBXFileReference; fileEncoding = 4; lastKnownFileType = sourcecode.c.objc; path = ZRSCustomImgView.m; sourceTree = "<group>"; };
		1335A96C1E332BE3003DC2EB /* ZRSCustomView.h */ = {isa = PBXFileReference; fileEncoding = 4; lastKnownFileType = sourcecode.c.h; path = ZRSCustomView.h; sourceTree = "<group>"; };
		1335A96D1E332BE3003DC2EB /* ZRSCustomView.m */ = {isa = PBXFileReference; fileEncoding = 4; lastKnownFileType = sourcecode.c.objc; path = ZRSCustomView.m; sourceTree = "<group>"; };
		1335A96E1E332BE3003DC2EB /* ZRSStarRatingView.h */ = {isa = PBXFileReference; fileEncoding = 4; lastKnownFileType = sourcecode.c.h; path = ZRSStarRatingView.h; sourceTree = "<group>"; };
		1335A96F1E332BE3003DC2EB /* ZRSStarRatingView.m */ = {isa = PBXFileReference; fileEncoding = 4; lastKnownFileType = sourcecode.c.objc; path = ZRSStarRatingView.m; sourceTree = "<group>"; };
		1335A9761E332C0E003DC2EB /* UIButton+Layout.h */ = {isa = PBXFileReference; fileEncoding = 4; lastKnownFileType = sourcecode.c.h; path = "UIButton+Layout.h"; sourceTree = "<group>"; };
		1335A9771E332C0E003DC2EB /* UIButton+Layout.m */ = {isa = PBXFileReference; fileEncoding = 4; lastKnownFileType = sourcecode.c.objc; path = "UIButton+Layout.m"; sourceTree = "<group>"; };
		26FFBFE22B7043D72514927D /* Pods-CustomControlsTests.release.xcconfig */ = {isa = PBXFileReference; includeInIndex = 1; lastKnownFileType = text.xcconfig; name = "Pods-CustomControlsTests.release.xcconfig"; path = "Pods/Target Support Files/Pods-CustomControlsTests/Pods-CustomControlsTests.release.xcconfig"; sourceTree = "<group>"; };
		4A274A0CB0C5C0246EFFCF6B /* Pods-CustomControlsUITests.debug.xcconfig */ = {isa = PBXFileReference; includeInIndex = 1; lastKnownFileType = text.xcconfig; name = "Pods-CustomControlsUITests.debug.xcconfig"; path = "Pods/Target Support Files/Pods-CustomControlsUITests/Pods-CustomControlsUITests.debug.xcconfig"; sourceTree = "<group>"; };
		4A2D6818564E4A07A7C81FC4 /* Pods-CustomControlsUITests.release.xcconfig */ = {isa = PBXFileReference; includeInIndex = 1; lastKnownFileType = text.xcconfig; name = "Pods-CustomControlsUITests.release.xcconfig"; path = "Pods/Target Support Files/Pods-CustomControlsUITests/Pods-CustomControlsUITests.release.xcconfig"; sourceTree = "<group>"; };
		68BE4518CEA41B00705A7DBF /* Pods-CustomControls.debug.xcconfig */ = {isa = PBXFileReference; includeInIndex = 1; lastKnownFileType = text.xcconfig; name = "Pods-CustomControls.debug.xcconfig"; path = "Pods/Target Support Files/Pods-CustomControls/Pods-CustomControls.debug.xcconfig"; sourceTree = "<group>"; };
		83514B9C0D706A3504E7608B /* Pods-CustomControlsTests.debug.xcconfig */ = {isa = PBXFileReference; includeInIndex = 1; lastKnownFileType = text.xcconfig; name = "Pods-CustomControlsTests.debug.xcconfig"; path = "Pods/Target Support Files/Pods-CustomControlsTests/Pods-CustomControlsTests.debug.xcconfig"; sourceTree = "<group>"; };
		923B2B3A959A870850B9BD57 /* Pods-CustomControls.release.xcconfig */ = {isa = PBXFileReference; includeInIndex = 1; lastKnownFileType = text.xcconfig; name = "Pods-CustomControls.release.xcconfig"; path = "Pods/Target Support Files/Pods-CustomControls/Pods-CustomControls.release.xcconfig"; sourceTree = "<group>"; };
		A339B69254F2F5D877FEE7B4 /* libPods-CustomControlsTests.a */ = {isa = PBXFileReference; explicitFileType = archive.ar; includeInIndex = 0; path = "libPods-CustomControlsTests.a"; sourceTree = BUILT_PRODUCTS_DIR; };
		AB8AD88AF9E461D3D704B7A9 /* libPods-CustomControlsUITests.a */ = {isa = PBXFileReference; explicitFileType = archive.ar; includeInIndex = 0; path = "libPods-CustomControlsUITests.a"; sourceTree = BUILT_PRODUCTS_DIR; };
		CD1CE03AB08DD8423BA03479 /* libPods-CustomControls.a */ = {isa = PBXFileReference; explicitFileType = archive.ar; includeInIndex = 0; path = "libPods-CustomControls.a"; sourceTree = BUILT_PRODUCTS_DIR; };
/* End PBXFileReference section */

/* Begin PBXFrameworksBuildPhase section */
		132DFA451E32ED1E0048F1AD /* Frameworks */ = {
			isa = PBXFrameworksBuildPhase;
			buildActionMask = 2147483647;
			files = (
				53564CA8208B5FF510F2DB45 /* libPods-CustomControls.a in Frameworks */,
			);
			runOnlyForDeploymentPostprocessing = 0;
		};
		132DFA5E1E32ED1F0048F1AD /* Frameworks */ = {
			isa = PBXFrameworksBuildPhase;
			buildActionMask = 2147483647;
			files = (
				A6DB7C1EB029219F8C8D8174 /* libPods-CustomControlsTests.a in Frameworks */,
			);
			runOnlyForDeploymentPostprocessing = 0;
		};
		132DFA691E32ED1F0048F1AD /* Frameworks */ = {
			isa = PBXFrameworksBuildPhase;
			buildActionMask = 2147483647;
			files = (
				F139B98F42B461ABAAA1D425 /* libPods-CustomControlsUITests.a in Frameworks */,
			);
			runOnlyForDeploymentPostprocessing = 0;
		};
/* End PBXFrameworksBuildPhase section */

/* Begin PBXGroup section */
		132DFA3F1E32ED1E0048F1AD = {
			isa = PBXGroup;
			children = (
				132DFA4A1E32ED1E0048F1AD /* CustomControls */,
				132DFA641E32ED1F0048F1AD /* CustomControlsTests */,
				132DFA6F1E32ED1F0048F1AD /* CustomControlsUITests */,
				132DFA491E32ED1E0048F1AD /* Products */,
				1FF140B0841D1CD257619AD5 /* Pods */,
				605F8243CC807C4E2E5115F3 /* Frameworks */,
			);
			sourceTree = "<group>";
		};
		132DFA491E32ED1E0048F1AD /* Products */ = {
			isa = PBXGroup;
			children = (
				132DFA481E32ED1E0048F1AD /* CustomControls.app */,
				132DFA611E32ED1F0048F1AD /* CustomControlsTests.xctest */,
				132DFA6C1E32ED1F0048F1AD /* CustomControlsUITests.xctest */,
			);
			name = Products;
			sourceTree = "<group>";
		};
		132DFA4A1E32ED1E0048F1AD /* CustomControls */ = {
			isa = PBXGroup;
			children = (
				1335A9611E332BE3003DC2EB /* XIBShow */,
				132DFA4E1E32ED1E0048F1AD /* AppDelegate.h */,
				132DFA4F1E32ED1E0048F1AD /* AppDelegate.m */,
				132DFA511E32ED1E0048F1AD /* ViewController.h */,
				132DFA521E32ED1E0048F1AD /* ViewController.m */,
				132DFA541E32ED1E0048F1AD /* Main.storyboard */,
				132DFA571E32ED1E0048F1AD /* Assets.xcassets */,
				132DFA591E32ED1E0048F1AD /* LaunchScreen.storyboard */,
				132DFA5C1E32ED1E0048F1AD /* Info.plist */,
				132DFA4B1E32ED1E0048F1AD /* Supporting Files */,
			);
			path = CustomControls;
			sourceTree = "<group>";
		};
		132DFA4B1E32ED1E0048F1AD /* Supporting Files */ = {
			isa = PBXGroup;
			children = (
				132DFA4C1E32ED1E0048F1AD /* main.m */,
			);
			name = "Supporting Files";
			sourceTree = "<group>";
		};
		132DFA641E32ED1F0048F1AD /* CustomControlsTests */ = {
			isa = PBXGroup;
			children = (
				132DFA651E32ED1F0048F1AD /* CustomControlsTests.m */,
				132DFA671E32ED1F0048F1AD /* Info.plist */,
			);
			path = CustomControlsTests;
			sourceTree = "<group>";
		};
		132DFA6F1E32ED1F0048F1AD /* CustomControlsUITests */ = {
			isa = PBXGroup;
			children = (
				132DFA701E32ED1F0048F1AD /* CustomControlsUITests.m */,
				132DFA721E32ED1F0048F1AD /* Info.plist */,
			);
			path = CustomControlsUITests;
			sourceTree = "<group>";
		};
		1335A9611E332BE3003DC2EB /* XIBShow */ = {
			isa = PBXGroup;
			children = (
				1335A9761E332C0E003DC2EB /* UIButton+Layout.h */,
				1335A9771E332C0E003DC2EB /* UIButton+Layout.m */,
				1335A9621E332BE3003DC2EB /* CustomControls.h */,
				1335A9661E332BE3003DC2EB /* ZRSCustomBtn.h */,
				1335A9671E332BE3003DC2EB /* ZRSCustomBtn.m */,
				1335A9681E332BE3003DC2EB /* ZRSCustomDottedLine.h */,
				1335A9691E332BE3003DC2EB /* ZRSCustomDottedLine.m */,
				1335A96A1E332BE3003DC2EB /* ZRSCustomImgView.h */,
				1335A96B1E332BE3003DC2EB /* ZRSCustomImgView.m */,
				1335A96C1E332BE3003DC2EB /* ZRSCustomView.h */,
				1335A96D1E332BE3003DC2EB /* ZRSCustomView.m */,
				1335A96E1E332BE3003DC2EB /* ZRSStarRatingView.h */,
				1335A96F1E332BE3003DC2EB /* ZRSStarRatingView.m */,
			);
			path = XIBShow;
			sourceTree = "<group>";
		};
		1FF140B0841D1CD257619AD5 /* Pods */ = {
			isa = PBXGroup;
			children = (
				68BE4518CEA41B00705A7DBF /* Pods-CustomControls.debug.xcconfig */,
				923B2B3A959A870850B9BD57 /* Pods-CustomControls.release.xcconfig */,
				83514B9C0D706A3504E7608B /* Pods-CustomControlsTests.debug.xcconfig */,
				26FFBFE22B7043D72514927D /* Pods-CustomControlsTests.release.xcconfig */,
				4A274A0CB0C5C0246EFFCF6B /* Pods-CustomControlsUITests.debug.xcconfig */,
				4A2D6818564E4A07A7C81FC4 /* Pods-CustomControlsUITests.release.xcconfig */,
			);
			name = Pods;
			sourceTree = "<group>";
		};
		605F8243CC807C4E2E5115F3 /* Frameworks */ = {
			isa = PBXGroup;
			children = (
				CD1CE03AB08DD8423BA03479 /* libPods-CustomControls.a */,
				A339B69254F2F5D877FEE7B4 /* libPods-CustomControlsTests.a */,
				AB8AD88AF9E461D3D704B7A9 /* libPods-CustomControlsUITests.a */,
			);
			name = Frameworks;
			sourceTree = "<group>";
		};
/* End PBXGroup section */

/* Begin PBXNativeTarget section */
		132DFA471E32ED1E0048F1AD /* CustomControls */ = {
			isa = PBXNativeTarget;
			buildConfigurationList = 132DFA751E32ED1F0048F1AD /* Build configuration list for PBXNativeTarget "CustomControls" */;
			buildPhases = (
				D4A0FC728632DC5373ED777F /* 📦 Check Pods Manifest.lock */,
				132DFA441E32ED1E0048F1AD /* Sources */,
				132DFA451E32ED1E0048F1AD /* Frameworks */,
				132DFA461E32ED1E0048F1AD /* Resources */,
				9E98EA45B324362EFC921F92 /* 📦 Embed Pods Frameworks */,
				256E8536FA318C4ACCE38156 /* 📦 Copy Pods Resources */,
			);
			buildRules = (
			);
			dependencies = (
			);
			name = CustomControls;
			productName = CustomControls;
			productReference = 132DFA481E32ED1E0048F1AD /* CustomControls.app */;
			productType = "com.apple.product-type.application";
		};
		132DFA601E32ED1F0048F1AD /* CustomControlsTests */ = {
			isa = PBXNativeTarget;
			buildConfigurationList = 132DFA781E32ED1F0048F1AD /* Build configuration list for PBXNativeTarget "CustomControlsTests" */;
			buildPhases = (
				128534F47855AAED21C57EA8 /* 📦 Check Pods Manifest.lock */,
				132DFA5D1E32ED1F0048F1AD /* Sources */,
				132DFA5E1E32ED1F0048F1AD /* Frameworks */,
				132DFA5F1E32ED1F0048F1AD /* Resources */,
				43BD1EA5590915D9E4DF33D5 /* 📦 Embed Pods Frameworks */,
				25E197771DE2D5EF3C387A19 /* 📦 Copy Pods Resources */,
			);
			buildRules = (
			);
			dependencies = (
				132DFA631E32ED1F0048F1AD /* PBXTargetDependency */,
			);
			name = CustomControlsTests;
			productName = CustomControlsTests;
			productReference = 132DFA611E32ED1F0048F1AD /* CustomControlsTests.xctest */;
			productType = "com.apple.product-type.bundle.unit-test";
		};
		132DFA6B1E32ED1F0048F1AD /* CustomControlsUITests */ = {
			isa = PBXNativeTarget;
			buildConfigurationList = 132DFA7B1E32ED1F0048F1AD /* Build configuration list for PBXNativeTarget "CustomControlsUITests" */;
			buildPhases = (
				2D3EBF03119DE531E2C2C5DA /* 📦 Check Pods Manifest.lock */,
				132DFA681E32ED1F0048F1AD /* Sources */,
				132DFA691E32ED1F0048F1AD /* Frameworks */,
				132DFA6A1E32ED1F0048F1AD /* Resources */,
				3A081937CD91E22FCBA49319 /* 📦 Copy Pods Resources */,
			);
			buildRules = (
			);
			dependencies = (
				132DFA6E1E32ED1F0048F1AD /* PBXTargetDependency */,
			);
			name = CustomControlsUITests;
			productName = CustomControlsUITests;
			productReference = 132DFA6C1E32ED1F0048F1AD /* CustomControlsUITests.xctest */;
			productType = "com.apple.product-type.bundle.ui-testing";
		};
/* End PBXNativeTarget section */

/* Begin PBXProject section */
		132DFA401E32ED1E0048F1AD /* Project object */ = {
			isa = PBXProject;
			attributes = {
				LastUpgradeCheck = 0820;
				ORGANIZATIONNAME = "周荣水";
				TargetAttributes = {
					132DFA471E32ED1E0048F1AD = {
						CreatedOnToolsVersion = 8.2.1;
						DevelopmentTeam = VZ7MTRGFPF;
						ProvisioningStyle = Automatic;
					};
					132DFA601E32ED1F0048F1AD = {
						CreatedOnToolsVersion = 8.2.1;
						DevelopmentTeam = VZ7MTRGFPF;
						ProvisioningStyle = Automatic;
						TestTargetID = 132DFA471E32ED1E0048F1AD;
					};
					132DFA6B1E32ED1F0048F1AD = {
						CreatedOnToolsVersion = 8.2.1;
						DevelopmentTeam = VZ7MTRGFPF;
						ProvisioningStyle = Automatic;
						TestTargetID = 132DFA471E32ED1E0048F1AD;
					};
				};
			};
			buildConfigurationList = 132DFA431E32ED1E0048F1AD /* Build configuration list for PBXProject "CustomControls" */;
			compatibilityVersion = "Xcode 3.2";
			developmentRegion = English;
			hasScannedForEncodings = 0;
			knownRegions = (
				en,
				Base,
			);
			mainGroup = 132DFA3F1E32ED1E0048F1AD;
			productRefGroup = 132DFA491E32ED1E0048F1AD /* Products */;
			projectDirPath = "";
			projectRoot = "";
			targets = (
				132DFA471E32ED1E0048F1AD /* CustomControls */,
				132DFA601E32ED1F0048F1AD /* CustomControlsTests */,
				132DFA6B1E32ED1F0048F1AD /* CustomControlsUITests */,
			);
		};
/* End PBXProject section */

/* Begin PBXResourcesBuildPhase section */
		132DFA461E32ED1E0048F1AD /* Resources */ = {
			isa = PBXResourcesBuildPhase;
			buildActionMask = 2147483647;
			files = (
				132DFA5B1E32ED1E0048F1AD /* LaunchScreen.storyboard in Resources */,
				132DFA581E32ED1E0048F1AD /* Assets.xcassets in Resources */,
				132DFA561E32ED1E0048F1AD /* Main.storyboard in Resources */,
			);
			runOnlyForDeploymentPostprocessing = 0;
		};
		132DFA5F1E32ED1F0048F1AD /* Resources */ = {
			isa = PBXResourcesBuildPhase;
			buildActionMask = 2147483647;
			files = (
			);
			runOnlyForDeploymentPostprocessing = 0;
		};
		132DFA6A1E32ED1F0048F1AD /* Resources */ = {
			isa = PBXResourcesBuildPhase;
			buildActionMask = 2147483647;
			files = (
			);
			runOnlyForDeploymentPostprocessing = 0;
		};
/* End PBXResourcesBuildPhase section */

/* Begin PBXShellScriptBuildPhase section */
		128534F47855AAED21C57EA8 /* 📦 Check Pods Manifest.lock */ = {
			isa = PBXShellScriptBuildPhase;
			buildActionMask = 2147483647;
			files = (
			);
			inputPaths = (
			);
			name = "📦 Check Pods Manifest.lock";
			outputPaths = (
			);
			runOnlyForDeploymentPostprocessing = 0;
			shellPath = /bin/sh;
			shellScript = "diff \"${PODS_ROOT}/../Podfile.lock\" \"${PODS_ROOT}/Manifest.lock\" > /dev/null\nif [[ $? != 0 ]] ; then\n    cat << EOM\nerror: The sandbox is not in sync with the Podfile.lock. Run 'pod install' or update your CocoaPods installation.\nEOM\n    exit 1\nfi\n";
			showEnvVarsInLog = 0;
		};
		256E8536FA318C4ACCE38156 /* 📦 Copy Pods Resources */ = {
			isa = PBXShellScriptBuildPhase;
			buildActionMask = 2147483647;
			files = (
			);
			inputPaths = (
			);
			name = "📦 Copy Pods Resources";
			outputPaths = (
			);
			runOnlyForDeploymentPostprocessing = 0;
			shellPath = /bin/sh;
			shellScript = "\"${SRCROOT}/Pods/Target Support Files/Pods-CustomControls/Pods-CustomControls-resources.sh\"\n";
			showEnvVarsInLog = 0;
		};
		25E197771DE2D5EF3C387A19 /* 📦 Copy Pods Resources */ = {
			isa = PBXShellScriptBuildPhase;
			buildActionMask = 2147483647;
			files = (
			);
			inputPaths = (
			);
			name = "📦 Copy Pods Resources";
			outputPaths = (
			);
			runOnlyForDeploymentPostprocessing = 0;
			shellPath = /bin/sh;
			shellScript = "\"${SRCROOT}/Pods/Target Support Files/Pods-CustomControlsTests/Pods-CustomControlsTests-resources.sh\"\n";
			showEnvVarsInLog = 0;
		};
		2D3EBF03119DE531E2C2C5DA /* 📦 Check Pods Manifest.lock */ = {
			isa = PBXShellScriptBuildPhase;
			buildActionMask = 2147483647;
			files = (
			);
			inputPaths = (
			);
			name = "📦 Check Pods Manifest.lock";
			outputPaths = (
			);
			runOnlyForDeploymentPostprocessing = 0;
			shellPath = /bin/sh;
			shellScript = "diff \"${PODS_ROOT}/../Podfile.lock\" \"${PODS_ROOT}/Manifest.lock\" > /dev/null\nif [[ $? != 0 ]] ; then\n    cat << EOM\nerror: The sandbox is not in sync with the Podfile.lock. Run 'pod install' or update your CocoaPods installation.\nEOM\n    exit 1\nfi\n";
			showEnvVarsInLog = 0;
		};
		3A081937CD91E22FCBA49319 /* 📦 Copy Pods Resources */ = {
			isa = PBXShellScriptBuildPhase;
			buildActionMask = 2147483647;
			files = (
			);
			inputPaths = (
			);
			name = "📦 Copy Pods Resources";
			outputPaths = (
			);
			runOnlyForDeploymentPostprocessing = 0;
			shellPath = /bin/sh;
			shellScript = "\"${SRCROOT}/Pods/Target Support Files/Pods-CustomControlsUITests/Pods-CustomControlsUITests-resources.sh\"\n";
			showEnvVarsInLog = 0;
		};
		43BD1EA5590915D9E4DF33D5 /* 📦 Embed Pods Frameworks */ = {
			isa = PBXShellScriptBuildPhase;
			buildActionMask = 2147483647;
			files = (
			);
			inputPaths = (
			);
			name = "📦 Embed Pods Frameworks";
			outputPaths = (
			);
			runOnlyForDeploymentPostprocessing = 0;
			shellPath = /bin/sh;
			shellScript = "\"${SRCROOT}/Pods/Target Support Files/Pods-CustomControlsTests/Pods-CustomControlsTests-frameworks.sh\"\n";
			showEnvVarsInLog = 0;
		};
		9E98EA45B324362EFC921F92 /* 📦 Embed Pods Frameworks */ = {
			isa = PBXShellScriptBuildPhase;
			buildActionMask = 2147483647;
			files = (
			);
			inputPaths = (
			);
			name = "📦 Embed Pods Frameworks";
			outputPaths = (
			);
			runOnlyForDeploymentPostprocessing = 0;
			shellPath = /bin/sh;
			shellScript = "\"${SRCROOT}/Pods/Target Support Files/Pods-CustomControls/Pods-CustomControls-frameworks.sh\"\n";
			showEnvVarsInLog = 0;
		};
		D4A0FC728632DC5373ED777F /* 📦 Check Pods Manifest.lock */ = {
			isa = PBXShellScriptBuildPhase;
			buildActionMask = 2147483647;
			files = (
			);
			inputPaths = (
			);
			name = "📦 Check Pods Manifest.lock";
			outputPaths = (
			);
			runOnlyForDeploymentPostprocessing = 0;
			shellPath = /bin/sh;
			shellScript = "diff \"${PODS_ROOT}/../Podfile.lock\" \"${PODS_ROOT}/Manifest.lock\" > /dev/null\nif [[ $? != 0 ]] ; then\n    cat << EOM\nerror: The sandbox is not in sync with the Podfile.lock. Run 'pod install' or update your CocoaPods installation.\nEOM\n    exit 1\nfi\n";
			showEnvVarsInLog = 0;
		};
/* End PBXShellScriptBuildPhase section */

/* Begin PBXSourcesBuildPhase section */
		132DFA441E32ED1E0048F1AD /* Sources */ = {
			isa = PBXSourcesBuildPhase;
			buildActionMask = 2147483647;
			files = (
				132DFA531E32ED1E0048F1AD /* ViewController.m in Sources */,
				1335A9781E332C0E003DC2EB /* UIButton+Layout.m in Sources */,
				1335A9731E332BE3003DC2EB /* ZRSCustomImgView.m in Sources */,
				1335A9711E332BE3003DC2EB /* ZRSCustomBtn.m in Sources */,
				1335A9721E332BE3003DC2EB /* ZRSCustomDottedLine.m in Sources */,
				132DFA501E32ED1E0048F1AD /* AppDelegate.m in Sources */,
				132DFA4D1E32ED1E0048F1AD /* main.m in Sources */,
				1335A9751E332BE3003DC2EB /* ZRSStarRatingView.m in Sources */,
				1335A9741E332BE3003DC2EB /* ZRSCustomView.m in Sources */,
			);
			runOnlyForDeploymentPostprocessing = 0;
		};
		132DFA5D1E32ED1F0048F1AD /* Sources */ = {
			isa = PBXSourcesBuildPhase;
			buildActionMask = 2147483647;
			files = (
				132DFA661E32ED1F0048F1AD /* CustomControlsTests.m in Sources */,
			);
			runOnlyForDeploymentPostprocessing = 0;
		};
		132DFA681E32ED1F0048F1AD /* Sources */ = {
			isa = PBXSourcesBuildPhase;
			buildActionMask = 2147483647;
			files = (
				132DFA711E32ED1F0048F1AD /* CustomControlsUITests.m in Sources */,
			);
			runOnlyForDeploymentPostprocessing = 0;
		};
/* End PBXSourcesBuildPhase section */

/* Begin PBXTargetDependency section */
		132DFA631E32ED1F0048F1AD /* PBXTargetDependency */ = {
			isa = PBXTargetDependency;
			target = 132DFA471E32ED1E0048F1AD /* CustomControls */;
			targetProxy = 132DFA621E32ED1F0048F1AD /* PBXContainerItemProxy */;
		};
		132DFA6E1E32ED1F0048F1AD /* PBXTargetDependency */ = {
			isa = PBXTargetDependency;
			target = 132DFA471E32ED1E0048F1AD /* CustomControls */;
			targetProxy = 132DFA6D1E32ED1F0048F1AD /* PBXContainerItemProxy */;
		};
/* End PBXTargetDependency section */

/* Begin PBXVariantGroup section */
		132DFA541E32ED1E0048F1AD /* Main.storyboard */ = {
			isa = PBXVariantGroup;
			children = (
				132DFA551E32ED1E0048F1AD /* Base */,
			);
			name = Main.storyboard;
			sourceTree = "<group>";
		};
		132DFA591E32ED1E0048F1AD /* LaunchScreen.storyboard */ = {
			isa = PBXVariantGroup;
			children = (
				132DFA5A1E32ED1E0048F1AD /* Base */,
			);
			name = LaunchScreen.storyboard;
			sourceTree = "<group>";
		};
/* End PBXVariantGroup section */

/* Begin XCBuildConfiguration section */
		132DFA731E32ED1F0048F1AD /* Debug */ = {
			isa = XCBuildConfiguration;
			buildSettings = {
				ALWAYS_SEARCH_USER_PATHS = NO;
				CLANG_ANALYZER_NONNULL = YES;
				CLANG_CXX_LANGUAGE_STANDARD = "gnu++0x";
				CLANG_CXX_LIBRARY = "libc++";
				CLANG_ENABLE_MODULES = YES;
				CLANG_ENABLE_OBJC_ARC = YES;
				CLANG_WARN_BOOL_CONVERSION = YES;
				CLANG_WARN_CONSTANT_CONVERSION = YES;
				CLANG_WARN_DIRECT_OBJC_ISA_USAGE = YES_ERROR;
				CLANG_WARN_DOCUMENTATION_COMMENTS = YES;
				CLANG_WARN_EMPTY_BODY = YES;
				CLANG_WARN_ENUM_CONVERSION = YES;
				CLANG_WARN_INFINITE_RECURSION = YES;
				CLANG_WARN_INT_CONVERSION = YES;
				CLANG_WARN_OBJC_ROOT_CLASS = YES_ERROR;
				CLANG_WARN_SUSPICIOUS_MOVE = YES;
				CLANG_WARN_UNREACHABLE_CODE = YES;
				CLANG_WARN__DUPLICATE_METHOD_MATCH = YES;
				"CODE_SIGN_IDENTITY[sdk=iphoneos*]" = "iPhone Developer";
				COPY_PHASE_STRIP = NO;
				DEBUG_INFORMATION_FORMAT = dwarf;
				ENABLE_STRICT_OBJC_MSGSEND = YES;
				ENABLE_TESTABILITY = YES;
				GCC_C_LANGUAGE_STANDARD = gnu99;
				GCC_DYNAMIC_NO_PIC = NO;
				GCC_NO_COMMON_BLOCKS = YES;
				GCC_OPTIMIZATION_LEVEL = 0;
				GCC_PREPROCESSOR_DEFINITIONS = (
					"DEBUG=1",
					"$(inherited)",
				);
				GCC_WARN_64_TO_32_BIT_CONVERSION = YES;
				GCC_WARN_ABOUT_RETURN_TYPE = YES_ERROR;
				GCC_WARN_UNDECLARED_SELECTOR = YES;
				GCC_WARN_UNINITIALIZED_AUTOS = YES_AGGRESSIVE;
				GCC_WARN_UNUSED_FUNCTION = YES;
				GCC_WARN_UNUSED_VARIABLE = YES;
				IPHONEOS_DEPLOYMENT_TARGET = 10.2;
				MTL_ENABLE_DEBUG_INFO = YES;
				ONLY_ACTIVE_ARCH = YES;
				SDKROOT = iphoneos;
			};
			name = Debug;
		};
		132DFA741E32ED1F0048F1AD /* Release */ = {
			isa = XCBuildConfiguration;
			buildSettings = {
				ALWAYS_SEARCH_USER_PATHS = NO;
				CLANG_ANALYZER_NONNULL = YES;
				CLANG_CXX_LANGUAGE_STANDARD = "gnu++0x";
				CLANG_CXX_LIBRARY = "libc++";
				CLANG_ENABLE_MODULES = YES;
				CLANG_ENABLE_OBJC_ARC = YES;
				CLANG_WARN_BOOL_CONVERSION = YES;
				CLANG_WARN_CONSTANT_CONVERSION = YES;
				CLANG_WARN_DIRECT_OBJC_ISA_USAGE = YES_ERROR;
				CLANG_WARN_DOCUMENTATION_COMMENTS = YES;
				CLANG_WARN_EMPTY_BODY = YES;
				CLANG_WARN_ENUM_CONVERSION = YES;
				CLANG_WARN_INFINITE_RECURSION = YES;
				CLANG_WARN_INT_CONVERSION = YES;
				CLANG_WARN_OBJC_ROOT_CLASS = YES_ERROR;
				CLANG_WARN_SUSPICIOUS_MOVE = YES;
				CLANG_WARN_UNREACHABLE_CODE = YES;
				CLANG_WARN__DUPLICATE_METHOD_MATCH = YES;
				"CODE_SIGN_IDENTITY[sdk=iphoneos*]" = "iPhone Developer";
				COPY_PHASE_STRIP = NO;
				DEBUG_INFORMATION_FORMAT = "dwarf-with-dsym";
				ENABLE_NS_ASSERTIONS = NO;
				ENABLE_STRICT_OBJC_MSGSEND = YES;
				GCC_C_LANGUAGE_STANDARD = gnu99;
				GCC_NO_COMMON_BLOCKS = YES;
				GCC_WARN_64_TO_32_BIT_CONVERSION = YES;
				GCC_WARN_ABOUT_RETURN_TYPE = YES_ERROR;
				GCC_WARN_UNDECLARED_SELECTOR = YES;
				GCC_WARN_UNINITIALIZED_AUTOS = YES_AGGRESSIVE;
				GCC_WARN_UNUSED_FUNCTION = YES;
				GCC_WARN_UNUSED_VARIABLE = YES;
				IPHONEOS_DEPLOYMENT_TARGET = 10.2;
				MTL_ENABLE_DEBUG_INFO = NO;
				SDKROOT = iphoneos;
				VALIDATE_PRODUCT = YES;
			};
			name = Release;
		};
		132DFA761E32ED1F0048F1AD /* Debug */ = {
			isa = XCBuildConfiguration;
			baseConfigurationReference = 68BE4518CEA41B00705A7DBF /* Pods-CustomControls.debug.xcconfig */;
			buildSettings = {
				ASSETCATALOG_COMPILER_APPICON_NAME = AppIcon;
				DEVELOPMENT_TEAM = VZ7MTRGFPF;
				INFOPLIST_FILE = CustomControls/Info.plist;
				IPHONEOS_DEPLOYMENT_TARGET = 8.0;
				LD_RUNPATH_SEARCH_PATHS = "$(inherited) @executable_path/Frameworks";
				PRODUCT_BUNDLE_IDENTIFIER = com.ZRS.CustomControls;
				PRODUCT_NAME = "$(TARGET_NAME)";
			};
			name = Debug;
		};
		132DFA771E32ED1F0048F1AD /* Release */ = {
			isa = XCBuildConfiguration;
			baseConfigurationReference = 923B2B3A959A870850B9BD57 /* Pods-CustomControls.release.xcconfig */;
			buildSettings = {
				ASSETCATALOG_COMPILER_APPICON_NAME = AppIcon;
				DEVELOPMENT_TEAM = VZ7MTRGFPF;
				INFOPLIST_FILE = CustomControls/Info.plist;
				IPHONEOS_DEPLOYMENT_TARGET = 8.0;
				LD_RUNPATH_SEARCH_PATHS = "$(inherited) @executable_path/Frameworks";
				PRODUCT_BUNDLE_IDENTIFIER = com.ZRS.CustomControls;
				PRODUCT_NAME = "$(TARGET_NAME)";
			};
			name = Release;
		};
		132DFA791E32ED1F0048F1AD /* Debug */ = {
			isa = XCBuildConfiguration;
			baseConfigurationReference = 83514B9C0D706A3504E7608B /* Pods-CustomControlsTests.debug.xcconfig */;
			buildSettings = {
				BUNDLE_LOADER = "$(TEST_HOST)";
				DEVELOPMENT_TEAM = VZ7MTRGFPF;
				INFOPLIST_FILE = CustomControlsTests/Info.plist;
				LD_RUNPATH_SEARCH_PATHS = "$(inherited) @executable_path/Frameworks @loader_path/Frameworks";
				PRODUCT_BUNDLE_IDENTIFIER = com.ZRS.CustomControlsTests;
				PRODUCT_NAME = "$(TARGET_NAME)";
				TEST_HOST = "$(BUILT_PRODUCTS_DIR)/CustomControls.app/CustomControls";
			};
			name = Debug;
		};
		132DFA7A1E32ED1F0048F1AD /* Release */ = {
			isa = XCBuildConfiguration;
			baseConfigurationReference = 26FFBFE22B7043D72514927D /* Pods-CustomControlsTests.release.xcconfig */;
			buildSettings = {
				BUNDLE_LOADER = "$(TEST_HOST)";
				DEVELOPMENT_TEAM = VZ7MTRGFPF;
				INFOPLIST_FILE = CustomControlsTests/Info.plist;
				LD_RUNPATH_SEARCH_PATHS = "$(inherited) @executable_path/Frameworks @loader_path/Frameworks";
				PRODUCT_BUNDLE_IDENTIFIER = com.ZRS.CustomControlsTests;
				PRODUCT_NAME = "$(TARGET_NAME)";
				TEST_HOST = "$(BUILT_PRODUCTS_DIR)/CustomControls.app/CustomControls";
			};
			name = Release;
		};
		132DFA7C1E32ED1F0048F1AD /* Debug */ = {
			isa = XCBuildConfiguration;
			baseConfigurationReference = 4A274A0CB0C5C0246EFFCF6B /* Pods-CustomControlsUITests.debug.xcconfig */;
			buildSettings = {
				DEVELOPMENT_TEAM = VZ7MTRGFPF;
				INFOPLIST_FILE = CustomControlsUITests/Info.plist;
				LD_RUNPATH_SEARCH_PATHS = "$(inherited) @executable_path/Frameworks @loader_path/Frameworks";
				PRODUCT_BUNDLE_IDENTIFIER = com.ZRS.CustomControlsUITests;
				PRODUCT_NAME = "$(TARGET_NAME)";
				TEST_TARGET_NAME = CustomControls;
			};
			name = Debug;
		};
		132DFA7D1E32ED1F0048F1AD /* Release */ = {
			isa = XCBuildConfiguration;
			baseConfigurationReference = 4A2D6818564E4A07A7C81FC4 /* Pods-CustomControlsUITests.release.xcconfig */;
			buildSettings = {
				DEVELOPMENT_TEAM = VZ7MTRGFPF;
				INFOPLIST_FILE = CustomControlsUITests/Info.plist;
				LD_RUNPATH_SEARCH_PATHS = "$(inherited) @executable_path/Frameworks @loader_path/Frameworks";
				PRODUCT_BUNDLE_IDENTIFIER = com.ZRS.CustomControlsUITests;
				PRODUCT_NAME = "$(TARGET_NAME)";
				TEST_TARGET_NAME = CustomControls;
			};
			name = Release;
		};
/* End XCBuildConfiguration section */

/* Begin XCConfigurationList section */
		132DFA431E32ED1E0048F1AD /* Build configuration list for PBXProject "CustomControls" */ = {
			isa = XCConfigurationList;
			buildConfigurations = (
				132DFA731E32ED1F0048F1AD /* Debug */,
				132DFA741E32ED1F0048F1AD /* Release */,
			);
			defaultConfigurationIsVisible = 0;
			defaultConfigurationName = Release;
		};
		132DFA751E32ED1F0048F1AD /* Build configuration list for PBXNativeTarget "CustomControls" */ = {
			isa = XCConfigurationList;
			buildConfigurations = (
				132DFA761E32ED1F0048F1AD /* Debug */,
				132DFA771E32ED1F0048F1AD /* Release */,
			);
			defaultConfigurationIsVisible = 0;
			defaultConfigurationName = Release;
		};
		132DFA781E32ED1F0048F1AD /* Build configuration list for PBXNativeTarget "CustomControlsTests" */ = {
			isa = XCConfigurationList;
			buildConfigurations = (
				132DFA791E32ED1F0048F1AD /* Debug */,
				132DFA7A1E32ED1F0048F1AD /* Release */,
			);
			defaultConfigurationIsVisible = 0;
			defaultConfigurationName = Release;
		};
		132DFA7B1E32ED1F0048F1AD /* Build configuration list for PBXNativeTarget "CustomControlsUITests" */ = {
			isa = XCConfigurationList;
			buildConfigurations = (
				132DFA7C1E32ED1F0048F1AD /* Debug */,
				132DFA7D1E32ED1F0048F1AD /* Release */,
			);
			defaultConfigurationIsVisible = 0;
			defaultConfigurationName = Release;
		};
/* End XCConfigurationList section */
	};
	rootObject = 132DFA401E32ED1E0048F1AD /* Project object */;
}
